
Microsoft Visual Studio Solution File, Format Version 12.00
# Visual Studio 15
VisualStudioVersion = 15.0.28307.852
MinimumVisualStudioVersion = 10.0.40219.1
Project("{FAE04EC0-301F-11D3-BF4B-00C04F79EFBC}") = "Week_01", "Week_01\Week_01.csproj", "{0BA26C45-3CA0-47E5-9B25-C07FE5DF888E}"
EndProject
Project("{FAE04EC0-301F-11D3-BF4B-00C04F79EFBC}") = "Week_02", "Week_02\Week_02.csproj", "{2692EF1D-ABF7-4507-9115-9AB8FE30DFF6}"
EndProject
Project("{FAE04EC0-301F-11D3-BF4B-00C04F79EFBC}") = "Week_03", "Week_03\Week_03.csproj", "{3378C3A9-6A28-4559-B8C4-D70E1F4168B2}"
EndProject
Project("{FAE04EC0-301F-11D3-BF4B-00C04F79EFBC}") = "Week_04", "Week_04\Week_04.csproj", "{0697380F-C520-41D5-AC1D-50C17EEA7B3F}"
EndProject
Project("{FAE04EC0-301F-11D3-BF4B-00C04F79EFBC}") = "Week_05", "Week_05\Week_05.csproj", "{9FDFBD40-824E-43A9-A3D3-32CD5526FD58}"
EndProject
Project("{FAE04EC0-301F-11D3-BF4B-00C04F79EFBC}") = "Week_06", "Week_06\Week_06.csproj", "{7D2973CA-87D9-44DA-80DD-6193C32D7431}"
EndProject
Project("{FAE04EC0-301F-11D3-BF4B-00C04F79EFBC}") = "Week_06_OddsOrEvens", "Week_06_OddsOrEvens\Week_06_OddsOrEvens.csproj", "{19CE133D-9AD3-4EF6-93F2-D4A76F943967}"
EndProject
Project("{FAE04EC0-301F-11D3-BF4B-00C04F79EFBC}") = "Week_07", "Week_07\Week_07.csproj", "{FEBB2FE2-CFB0-43BF-9030-5AEC53B777BD}"
EndProject
Project("{FAE04EC0-301F-11D3-BF4B-00C04F79EFBC}") = "Week_07_Example_01", "Week_07_Example_01\Week_07_Example_01.csproj", "{A6EF7D08-E60C-46E9-8206-F57D0059DEDB}"
EndProject
Project("{FAE04EC0-301F-11D3-BF4B-00C04F79EFBC}") = "Week_07_Example_02", "Week_07_Example_02\Week_07_Example_02.csproj", "{F8A30B4A-19D9-4745-B2B1-181AE94CB2B8}"
EndProject
Project("{FAE04EC0-301F-11D3-BF4B-00C04F79EFBC}") = "Week_07_Example_03", "Week_07_Example_03\Week_07_Example_03.csproj", "{E7366596-1B4D-4DF3-9886-8C8F964E3841}"
EndProject
Project("{FAE04EC0-301F-11D3-BF4B-00C04F79EFBC}") = "Week_08", "Week_08\Week_08.csproj", "{7BF81E2F-9FF6-4160-B481-6A3D22E0793B}"
EndProject
Project("{FAE04EC0-301F-11D3-BF4B-00C04F79EFBC}") = "Week_08_Example_01", "Week_08_Example_01\Week_08_Example_01.csproj", "{7B53B489-CB48-4F4F-83C0-0DB80C5E6E45}"
EndProject
Project("{FAE04EC0-301F-11D3-BF4B-00C04F79EFBC}") = "Week_08_Example_02", "Week_08_Example_02\Week_08_Example_02.csproj", "{952CE2F6-6927-4F9A-88EE-6AAD433FA24E}"
EndProject
Project("{FAE04EC0-301F-11D3-BF4B-00C04F79EFBC}") = "Week_08_Example_03", "Week_08_Example_03\Week_08_Example_03.csproj", "{1AE20E06-9763-4CD0-B3B4-E640F53AF3D9}"
EndProject
Project("{FAE04EC0-301F-11D3-BF4B-00C04F79EFBC}") = "Week_08_Example_04", "Week_08_Example_04\Week_08_Example_04.csproj", "{A66AA033-5E88-4BFC-804B-99E50C070677}"
EndProject
Project("{FAE04EC0-301F-11D3-BF4B-00C04F79EFBC}") = "Week_08_Example_05", "Week_08_Example_05\Week_08_Example_05.csproj", "{0D4261EF-A9EA-4DD7-AB28-2E493C1AAFB1}"
EndProject
Project("{FAE04EC0-301F-11D3-BF4B-00C04F79EFBC}") = "Week_08_Example_06", "Week_08_Example_06\Week_08_Example_06.csproj", "{5ACDA6B4-94CA-4CD3-A2A2-E9E2304B8DCF}"
EndProject
Project("{FAE04EC0-301F-11D3-BF4B-00C04F79EFBC}") = "Week_08_Example_07", "Week_08_Example_07\Week_08_Example_07.csproj", "{94CB94E7-DF4F-43B1-A0BE-A992D5A5F25E}"
EndProject
Project("{FAE04EC0-301F-11D3-BF4B-00C04F79EFBC}") = "Week_09", "Week_09\Week_09.csproj", "{3AEE721E-5040-478C-83BB-16585DDAA1C2}"
EndProject
Project("{FAE04EC0-301F-11D3-BF4B-00C04F79EFBC}") = "Week_09_Example_01", "Week_09_Example_01\Week_09_Example_01.csproj", "{74418AB7-258A-4378-916D-3BF537798CC0}"
EndProject
Project("{FAE04EC0-301F-11D3-BF4B-00C04F79EFBC}") = "Week_09_Example_02", "Week_09_Example_02\Week_09_Example_02.csproj", "{EE7BB8EC-8F72-4727-9524-919451F42844}"
EndProject
Project("{FAE04EC0-301F-11D3-BF4B-00C04F79EFBC}") = "Week_09_Example_03", "Week_09_Example_03\Week_09_Example_03.csproj", "{E4337A8A-0AEA-4443-9FCD-7837732C3CF5}"
EndProject
Project("{FAE04EC0-301F-11D3-BF4B-00C04F79EFBC}") = "Week_09_Example_04", "Week_09_Example_04\Week_09_Example_04.csproj", "{8DA5B0DE-F75E-4CD6-9605-70B153D02619}"
EndProject
Project("{FAE04EC0-301F-11D3-BF4B-00C04F79EFBC}") = "Week_09_Example_05", "Week_09_Example_05\Week_09_Example_05.csproj", "{AB752DD8-6EEE-4989-92D4-9985291E4542}"
EndProject
Project("{FAE04EC0-301F-11D3-BF4B-00C04F79EFBC}") = "Week_09_Example_06", "Week_09_Example_06\Week_09_Example_06.csproj", "{CD39A773-9AB1-41F2-8D3D-9FF0A4CCF5FA}"
EndProject
Project("{FAE04EC0-301F-11D3-BF4B-00C04F79EFBC}") = "Week_09_Example_07", "Week_09_Example_07\Week_09_Example_07.csproj", "{F8143ACA-9A89-4B94-9807-6722D93FB92B}"
EndProject
Project("{FAE04EC0-301F-11D3-BF4B-00C04F79EFBC}") = "Week_09_Example_08", "Week_09_Example_08\Week_09_Example_08.csproj", "{A78A31D9-4571-48DB-9D62-4491AF13E186}"
EndProject
Project("{FAE04EC0-301F-11D3-BF4B-00C04F79EFBC}") = "Week_09_Example_09", "Week_09_Example_09\Week_09_Example_09.csproj", "{31839DDA-ED32-48E8-B1FE-3940B4F8E485}"
EndProject
Project("{FAE04EC0-301F-11D3-BF4B-00C04F79EFBC}") = "Week_09_Example_10", "Week_09_Example_10\Week_09_Example_10.csproj", "{B84E392C-8126-4584-B7E1-D377396AA95D}"
EndProject
Project("{FAE04EC0-301F-11D3-BF4B-00C04F79EFBC}") = "Week_10", "Week_10\Week_10.csproj", "{F6D87C01-468A-4F99-81D0-978087E17564}"
EndProject
Project("{FAE04EC0-301F-11D3-BF4B-00C04F79EFBC}") = "Week_10_Example_01", "Week_10_Example_01\Week_10_Example_01.csproj", "{477BE9A8-AD61-4991-80D5-8786CBC0862F}"
EndProject
Project("{FAE04EC0-301F-11D3-BF4B-00C04F79EFBC}") = "Week_10_Example_02", "Week_10_Example_02\Week_10_Example_02.csproj", "{B089E08F-2521-4012-9945-F55A1EAFD6F6}"
EndProject
Project("{FAE04EC0-301F-11D3-BF4B-00C04F79EFBC}") = "Week_10_Example_03", "Week_10_Example_03\Week_10_Example_03.csproj", "{F69E0D8E-BBDB-4B93-90F2-545A0715CE25}"
EndProject
Global
	GlobalSection(SolutionConfigurationPlatforms) = preSolution
		Debug|Any CPU = Debug|Any CPU
		Release|Any CPU = Release|Any CPU
	EndGlobalSection
	GlobalSection(ProjectConfigurationPlatforms) = postSolution
		{0BA26C45-3CA0-47E5-9B25-C07FE5DF888E}.Debug|Any CPU.ActiveCfg = Debug|Any CPU
		{0BA26C45-3CA0-47E5-9B25-C07FE5DF888E}.Debug|Any CPU.Build.0 = Debug|Any CPU
		{0BA26C45-3CA0-47E5-9B25-C07FE5DF888E}.Release|Any CPU.ActiveCfg = Release|Any CPU
		{0BA26C45-3CA0-47E5-9B25-C07FE5DF888E}.Release|Any CPU.Build.0 = Release|Any CPU
		{2692EF1D-ABF7-4507-9115-9AB8FE30DFF6}.Debug|Any CPU.ActiveCfg = Debug|Any CPU
		{2692EF1D-ABF7-4507-9115-9AB8FE30DFF6}.Debug|Any CPU.Build.0 = Debug|Any CPU
		{2692EF1D-ABF7-4507-9115-9AB8FE30DFF6}.Release|Any CPU.ActiveCfg = Release|Any CPU
		{2692EF1D-ABF7-4507-9115-9AB8FE30DFF6}.Release|Any CPU.Build.0 = Release|Any CPU
		{3378C3A9-6A28-4559-B8C4-D70E1F4168B2}.Debug|Any CPU.ActiveCfg = Debug|Any CPU
		{3378C3A9-6A28-4559-B8C4-D70E1F4168B2}.Debug|Any CPU.Build.0 = Debug|Any CPU
		{3378C3A9-6A28-4559-B8C4-D70E1F4168B2}.Release|Any CPU.ActiveCfg = Release|Any CPU
		{3378C3A9-6A28-4559-B8C4-D70E1F4168B2}.Release|Any CPU.Build.0 = Release|Any CPU
		{0697380F-C520-41D5-AC1D-50C17EEA7B3F}.Debug|Any CPU.ActiveCfg = Debug|Any CPU
		{0697380F-C520-41D5-AC1D-50C17EEA7B3F}.Debug|Any CPU.Build.0 = Debug|Any CPU
		{0697380F-C520-41D5-AC1D-50C17EEA7B3F}.Release|Any CPU.ActiveCfg = Release|Any CPU
		{0697380F-C520-41D5-AC1D-50C17EEA7B3F}.Release|Any CPU.Build.0 = Release|Any CPU
		{9FDFBD40-824E-43A9-A3D3-32CD5526FD58}.Debug|Any CPU.ActiveCfg = Debug|Any CPU
		{9FDFBD40-824E-43A9-A3D3-32CD5526FD58}.Debug|Any CPU.Build.0 = Debug|Any CPU
		{9FDFBD40-824E-43A9-A3D3-32CD5526FD58}.Release|Any CPU.ActiveCfg = Release|Any CPU
		{9FDFBD40-824E-43A9-A3D3-32CD5526FD58}.Release|Any CPU.Build.0 = Release|Any CPU
		{7D2973CA-87D9-44DA-80DD-6193C32D7431}.Debug|Any CPU.ActiveCfg = Debug|Any CPU
		{7D2973CA-87D9-44DA-80DD-6193C32D7431}.Debug|Any CPU.Build.0 = Debug|Any CPU
		{7D2973CA-87D9-44DA-80DD-6193C32D7431}.Release|Any CPU.ActiveCfg = Release|Any CPU
		{7D2973CA-87D9-44DA-80DD-6193C32D7431}.Release|Any CPU.Build.0 = Release|Any CPU
		{19CE133D-9AD3-4EF6-93F2-D4A76F943967}.Debug|Any CPU.ActiveCfg = Debug|Any CPU
		{19CE133D-9AD3-4EF6-93F2-D4A76F943967}.Debug|Any CPU.Build.0 = Debug|Any CPU
		{19CE133D-9AD3-4EF6-93F2-D4A76F943967}.Release|Any CPU.ActiveCfg = Release|Any CPU
		{19CE133D-9AD3-4EF6-93F2-D4A76F943967}.Release|Any CPU.Build.0 = Release|Any CPU
		{FEBB2FE2-CFB0-43BF-9030-5AEC53B777BD}.Debug|Any CPU.ActiveCfg = Debug|Any CPU
		{FEBB2FE2-CFB0-43BF-9030-5AEC53B777BD}.Debug|Any CPU.Build.0 = Debug|Any CPU
		{FEBB2FE2-CFB0-43BF-9030-5AEC53B777BD}.Release|Any CPU.ActiveCfg = Release|Any CPU
		{FEBB2FE2-CFB0-43BF-9030-5AEC53B777BD}.Release|Any CPU.Build.0 = Release|Any CPU
		{A6EF7D08-E60C-46E9-8206-F57D0059DEDB}.Debug|Any CPU.ActiveCfg = Debug|Any CPU
		{A6EF7D08-E60C-46E9-8206-F57D0059DEDB}.Debug|Any CPU.Build.0 = Debug|Any CPU
		{A6EF7D08-E60C-46E9-8206-F57D0059DEDB}.Release|Any CPU.ActiveCfg = Release|Any CPU
		{A6EF7D08-E60C-46E9-8206-F57D0059DEDB}.Release|Any CPU.Build.0 = Release|Any CPU
		{F8A30B4A-19D9-4745-B2B1-181AE94CB2B8}.Debug|Any CPU.ActiveCfg = Debug|Any CPU
		{F8A30B4A-19D9-4745-B2B1-181AE94CB2B8}.Debug|Any CPU.Build.0 = Debug|Any CPU
		{F8A30B4A-19D9-4745-B2B1-181AE94CB2B8}.Release|Any CPU.ActiveCfg = Release|Any CPU
		{F8A30B4A-19D9-4745-B2B1-181AE94CB2B8}.Release|Any CPU.Build.0 = Release|Any CPU
		{E7366596-1B4D-4DF3-9886-8C8F964E3841}.Debug|Any CPU.ActiveCfg = Debug|Any CPU
		{E7366596-1B4D-4DF3-9886-8C8F964E3841}.Debug|Any CPU.Build.0 = Debug|Any CPU
		{E7366596-1B4D-4DF3-9886-8C8F964E3841}.Release|Any CPU.ActiveCfg = Release|Any CPU
		{E7366596-1B4D-4DF3-9886-8C8F964E3841}.Release|Any CPU.Build.0 = Release|Any CPU
		{7BF81E2F-9FF6-4160-B481-6A3D22E0793B}.Debug|Any CPU.ActiveCfg = Debug|Any CPU
		{7BF81E2F-9FF6-4160-B481-6A3D22E0793B}.Debug|Any CPU.Build.0 = Debug|Any CPU
		{7BF81E2F-9FF6-4160-B481-6A3D22E0793B}.Release|Any CPU.ActiveCfg = Release|Any CPU
		{7BF81E2F-9FF6-4160-B481-6A3D22E0793B}.Release|Any CPU.Build.0 = Release|Any CPU
		{7B53B489-CB48-4F4F-83C0-0DB80C5E6E45}.Debug|Any CPU.ActiveCfg = Debug|Any CPU
		{7B53B489-CB48-4F4F-83C0-0DB80C5E6E45}.Debug|Any CPU.Build.0 = Debug|Any CPU
		{7B53B489-CB48-4F4F-83C0-0DB80C5E6E45}.Release|Any CPU.ActiveCfg = Release|Any CPU
		{7B53B489-CB48-4F4F-83C0-0DB80C5E6E45}.Release|Any CPU.Build.0 = Release|Any CPU
		{952CE2F6-6927-4F9A-88EE-6AAD433FA24E}.Debug|Any CPU.ActiveCfg = Debug|Any CPU
		{952CE2F6-6927-4F9A-88EE-6AAD433FA24E}.Debug|Any CPU.Build.0 = Debug|Any CPU
		{952CE2F6-6927-4F9A-88EE-6AAD433FA24E}.Release|Any CPU.ActiveCfg = Release|Any CPU
		{952CE2F6-6927-4F9A-88EE-6AAD433FA24E}.Release|Any CPU.Build.0 = Release|Any CPU
		{1AE20E06-9763-4CD0-B3B4-E640F53AF3D9}.Debug|Any CPU.ActiveCfg = Debug|Any CPU
		{1AE20E06-9763-4CD0-B3B4-E640F53AF3D9}.Debug|Any CPU.Build.0 = Debug|Any CPU
		{1AE20E06-9763-4CD0-B3B4-E640F53AF3D9}.Release|Any CPU.ActiveCfg = Release|Any CPU
		{1AE20E06-9763-4CD0-B3B4-E640F53AF3D9}.Release|Any CPU.Build.0 = Release|Any CPU
		{A66AA033-5E88-4BFC-804B-99E50C070677}.Debug|Any CPU.ActiveCfg = Debug|Any CPU
		{A66AA033-5E88-4BFC-804B-99E50C070677}.Debug|Any CPU.Build.0 = Debug|Any CPU
		{A66AA033-5E88-4BFC-804B-99E50C070677}.Release|Any CPU.ActiveCfg = Release|Any CPU
		{A66AA033-5E88-4BFC-804B-99E50C070677}.Release|Any CPU.Build.0 = Release|Any CPU
		{0D4261EF-A9EA-4DD7-AB28-2E493C1AAFB1}.Debug|Any CPU.ActiveCfg = Debug|Any CPU
		{0D4261EF-A9EA-4DD7-AB28-2E493C1AAFB1}.Debug|Any CPU.Build.0 = Debug|Any CPU
		{0D4261EF-A9EA-4DD7-AB28-2E493C1AAFB1}.Release|Any CPU.ActiveCfg = Release|Any CPU
		{0D4261EF-A9EA-4DD7-AB28-2E493C1AAFB1}.Release|Any CPU.Build.0 = Release|Any CPU
		{5ACDA6B4-94CA-4CD3-A2A2-E9E2304B8DCF}.Debug|Any CPU.ActiveCfg = Debug|Any CPU
		{5ACDA6B4-94CA-4CD3-A2A2-E9E2304B8DCF}.Debug|Any CPU.Build.0 = Debug|Any CPU
		{5ACDA6B4-94CA-4CD3-A2A2-E9E2304B8DCF}.Release|Any CPU.ActiveCfg = Release|Any CPU
		{5ACDA6B4-94CA-4CD3-A2A2-E9E2304B8DCF}.Release|Any CPU.Build.0 = Release|Any CPU
		{94CB94E7-DF4F-43B1-A0BE-A992D5A5F25E}.Debug|Any CPU.ActiveCfg = Debug|Any CPU
		{94CB94E7-DF4F-43B1-A0BE-A992D5A5F25E}.Debug|Any CPU.Build.0 = Debug|Any CPU
		{94CB94E7-DF4F-43B1-A0BE-A992D5A5F25E}.Release|Any CPU.ActiveCfg = Release|Any CPU
		{94CB94E7-DF4F-43B1-A0BE-A992D5A5F25E}.Release|Any CPU.Build.0 = Release|Any CPU
		{3AEE721E-5040-478C-83BB-16585DDAA1C2}.Debug|Any CPU.ActiveCfg = Debug|Any CPU
		{3AEE721E-5040-478C-83BB-16585DDAA1C2}.Debug|Any CPU.Build.0 = Debug|Any CPU
		{3AEE721E-5040-478C-83BB-16585DDAA1C2}.Release|Any CPU.ActiveCfg = Release|Any CPU
		{3AEE721E-5040-478C-83BB-16585DDAA1C2}.Release|Any CPU.Build.0 = Release|Any CPU
		{74418AB7-258A-4378-916D-3BF537798CC0}.Debug|Any CPU.ActiveCfg = Debug|Any CPU
		{74418AB7-258A-4378-916D-3BF537798CC0}.Debug|Any CPU.Build.0 = Debug|Any CPU
		{74418AB7-258A-4378-916D-3BF537798CC0}.Release|Any CPU.ActiveCfg = Release|Any CPU
		{74418AB7-258A-4378-916D-3BF537798CC0}.Release|Any CPU.Build.0 = Release|Any CPU
		{EE7BB8EC-8F72-4727-9524-919451F42844}.Debug|Any CPU.ActiveCfg = Debug|Any CPU
		{EE7BB8EC-8F72-4727-9524-919451F42844}.Debug|Any CPU.Build.0 = Debug|Any CPU
		{EE7BB8EC-8F72-4727-9524-919451F42844}.Release|Any CPU.ActiveCfg = Release|Any CPU
		{EE7BB8EC-8F72-4727-9524-919451F42844}.Release|Any CPU.Build.0 = Release|Any CPU
		{E4337A8A-0AEA-4443-9FCD-7837732C3CF5}.Debug|Any CPU.ActiveCfg = Debug|Any CPU
		{E4337A8A-0AEA-4443-9FCD-7837732C3CF5}.Debug|Any CPU.Build.0 = Debug|Any CPU
		{E4337A8A-0AEA-4443-9FCD-7837732C3CF5}.Release|Any CPU.ActiveCfg = Release|Any CPU
		{E4337A8A-0AEA-4443-9FCD-7837732C3CF5}.Release|Any CPU.Build.0 = Release|Any CPU
		{8DA5B0DE-F75E-4CD6-9605-70B153D02619}.Debug|Any CPU.ActiveCfg = Debug|Any CPU
		{8DA5B0DE-F75E-4CD6-9605-70B153D02619}.Debug|Any CPU.Build.0 = Debug|Any CPU
		{8DA5B0DE-F75E-4CD6-9605-70B153D02619}.Release|Any CPU.ActiveCfg = Release|Any CPU
		{8DA5B0DE-F75E-4CD6-9605-70B153D02619}.Release|Any CPU.Build.0 = Release|Any CPU
		{AB752DD8-6EEE-4989-92D4-9985291E4542}.Debug|Any CPU.ActiveCfg = Debug|Any CPU
		{AB752DD8-6EEE-4989-92D4-9985291E4542}.Debug|Any CPU.Build.0 = Debug|Any CPU
		{AB752DD8-6EEE-4989-92D4-9985291E4542}.Release|Any CPU.ActiveCfg = Release|Any CPU
		{AB752DD8-6EEE-4989-92D4-9985291E4542}.Release|Any CPU.Build.0 = Release|Any CPU
		{CD39A773-9AB1-41F2-8D3D-9FF0A4CCF5FA}.Debug|Any CPU.ActiveCfg = Debug|Any CPU
		{CD39A773-9AB1-41F2-8D3D-9FF0A4CCF5FA}.Debug|Any CPU.Build.0 = Debug|Any CPU
		{CD39A773-9AB1-41F2-8D3D-9FF0A4CCF5FA}.Release|Any CPU.ActiveCfg = Release|Any CPU
		{CD39A773-9AB1-41F2-8D3D-9FF0A4CCF5FA}.Release|Any CPU.Build.0 = Release|Any CPU
		{F8143ACA-9A89-4B94-9807-6722D93FB92B}.Debug|Any CPU.ActiveCfg = Debug|Any CPU
		{F8143ACA-9A89-4B94-9807-6722D93FB92B}.Debug|Any CPU.Build.0 = Debug|Any CPU
		{F8143ACA-9A89-4B94-9807-6722D93FB92B}.Release|Any CPU.ActiveCfg = Release|Any CPU
		{F8143ACA-9A89-4B94-9807-6722D93FB92B}.Release|Any CPU.Build.0 = Release|Any CPU
		{A78A31D9-4571-48DB-9D62-4491AF13E186}.Debug|Any CPU.ActiveCfg = Debug|Any CPU
		{A78A31D9-4571-48DB-9D62-4491AF13E186}.Debug|Any CPU.Build.0 = Debug|Any CPU
		{A78A31D9-4571-48DB-9D62-4491AF13E186}.Release|Any CPU.ActiveCfg = Release|Any CPU
		{A78A31D9-4571-48DB-9D62-4491AF13E186}.Release|Any CPU.Build.0 = Release|Any CPU
		{31839DDA-ED32-48E8-B1FE-3940B4F8E485}.Debug|Any CPU.ActiveCfg = Debug|Any CPU
		{31839DDA-ED32-48E8-B1FE-3940B4F8E485}.Debug|Any CPU.Build.0 = Debug|Any CPU
		{31839DDA-ED32-48E8-B1FE-3940B4F8E485}.Release|Any CPU.ActiveCfg = Release|Any CPU
		{31839DDA-ED32-48E8-B1FE-3940B4F8E485}.Release|Any CPU.Build.0 = Release|Any CPU
		{B84E392C-8126-4584-B7E1-D377396AA95D}.Debug|Any CPU.ActiveCfg = Debug|Any CPU
		{B84E392C-8126-4584-B7E1-D377396AA95D}.Debug|Any CPU.Build.0 = Debug|Any CPU
		{B84E392C-8126-4584-B7E1-D377396AA95D}.Release|Any CPU.ActiveCfg = Release|Any CPU
		{B84E392C-8126-4584-B7E1-D377396AA95D}.Release|Any CPU.Build.0 = Release|Any CPU
		{F6D87C01-468A-4F99-81D0-978087E17564}.Debug|Any CPU.ActiveCfg = Debug|Any CPU
		{F6D87C01-468A-4F99-81D0-978087E17564}.Debug|Any CPU.Build.0 = Debug|Any CPU
		{F6D87C01-468A-4F99-81D0-978087E17564}.Release|Any CPU.ActiveCfg = Release|Any CPU
		{F6D87C01-468A-4F99-81D0-978087E17564}.Release|Any CPU.Build.0 = Release|Any CPU
		{477BE9A8-AD61-4991-80D5-8786CBC0862F}.Debug|Any CPU.ActiveCfg = Debug|Any CPU
		{477BE9A8-AD61-4991-80D5-8786CBC0862F}.Debug|Any CPU.Build.0 = Debug|Any CPU
		{477BE9A8-AD61-4991-80D5-8786CBC0862F}.Release|Any CPU.ActiveCfg = Release|Any CPU
		{477BE9A8-AD61-4991-80D5-8786CBC0862F}.Release|Any CPU.Build.0 = Release|Any CPU
		{B089E08F-2521-4012-9945-F55A1EAFD6F6}.Debug|Any CPU.ActiveCfg = Debug|Any CPU
		{B089E08F-2521-4012-9945-F55A1EAFD6F6}.Debug|Any CPU.Build.0 = Debug|Any CPU
		{B089E08F-2521-4012-9945-F55A1EAFD6F6}.Release|Any CPU.ActiveCfg = Release|Any CPU
		{B089E08F-2521-4012-9945-F55A1EAFD6F6}.Release|Any CPU.Build.0 = Release|Any CPU
		{F69E0D8E-BBDB-4B93-90F2-545A0715CE25}.Debug|Any CPU.ActiveCfg = Debug|Any CPU
		{F69E0D8E-BBDB-4B93-90F2-545A0715CE25}.Debug|Any CPU.Build.0 = Debug|Any CPU
		{F69E0D8E-BBDB-4B93-90F2-545A0715CE25}.Release|Any CPU.ActiveCfg = Release|Any CPU
		{F69E0D8E-BBDB-4B93-90F2-545A0715CE25}.Release|Any CPU.Build.0 = Release|Any CPU
	EndGlobalSection
	GlobalSection(SolutionProperties) = preSolution
		HideSolutionNode = FALSE
	EndGlobalSection
	GlobalSection(ExtensibilityGlobals) = postSolution
		SolutionGuid = {274F482F-CCC5-4C27-B781-41E3A5F1F447}
	EndGlobalSection
EndGlobal
