
Microsoft Visual Studio Solution File, Format Version 12.00
# Visual Studio 15
VisualStudioVersion = 15.0.28307.852
MinimumVisualStudioVersion = 10.0.40219.1
Project("{FAE04EC0-301F-11D3-BF4B-00C04F79EFBC}") = "Week_01", "Week_01\Week_01.csproj", "{0BA26C45-3CA0-47E5-9B25-C07FE5DF888E}"
EndProject
Project("{FAE04EC0-301F-11D3-BF4B-00C04F79EFBC}") = "Week_02", "Week_02\Week_02.csproj", "{2692EF1D-ABF7-4507-9115-9AB8FE30DFF6}"
EndProject
Global
	GlobalSection(SolutionConfigurationPlatforms) = preSolution
		Debug|Any CPU = Debug|Any CPU
		Release|Any CPU = Release|Any CPU
	EndGlobalSection
	GlobalSection(ProjectConfigurationPlatforms) = postSolution
		{0BA26C45-3CA0-47E5-9B25-C07FE5DF888E}.Debug|Any CPU.ActiveCfg = Debug|Any CPU
		{0BA26C45-3CA0-47E5-9B25-C07FE5DF888E}.Debug|Any CPU.Build.0 = Debug|Any CPU
		{0BA26C45-3CA0-47E5-9B25-C07FE5DF888E}.Release|Any CPU.ActiveCfg = Release|Any CPU
		{0BA26C45-3CA0-47E5-9B25-C07FE5DF888E}.Release|Any CPU.Build.0 = Release|Any CPU
		{2692EF1D-ABF7-4507-9115-9AB8FE30DFF6}.Debug|Any CPU.ActiveCfg = Debug|Any CPU
		{2692EF1D-ABF7-4507-9115-9AB8FE30DFF6}.Debug|Any CPU.Build.0 = Debug|Any CPU
		{2692EF1D-ABF7-4507-9115-9AB8FE30DFF6}.Release|Any CPU.ActiveCfg = Release|Any CPU
		{2692EF1D-ABF7-4507-9115-9AB8FE30DFF6}.Release|Any CPU.Build.0 = Release|Any CPU
	EndGlobalSection
	GlobalSection(SolutionProperties) = preSolution
		HideSolutionNode = FALSE
	EndGlobalSection
	GlobalSection(ExtensibilityGlobals) = postSolution
		SolutionGuid = {274F482F-CCC5-4C27-B781-41E3A5F1F447}
	EndGlobalSection
EndGlobal
